// !$*UTF8*$!
{
	archiveVersion = 1;
	classes = {
	};
	objectVersion = 56;
	objects = {

/* Begin PBXBuildFile section */
		DCE009692B9EE63000403574 /* AppDelegate.swift in Sources */ = {isa = PBXBuildFile; fileRef = DCE009682B9EE63000403574 /* AppDelegate.swift */; };
		DCE0096B2B9EE63000403574 /* SceneDelegate.swift in Sources */ = {isa = PBXBuildFile; fileRef = DCE0096A2B9EE63000403574 /* SceneDelegate.swift */; };
		DCE0096D2B9EE63000403574 /* ViewController.swift in Sources */ = {isa = PBXBuildFile; fileRef = DCE0096C2B9EE63000403574 /* ViewController.swift */; };
		DCE009702B9EE63000403574 /* Base in Resources */ = {isa = PBXBuildFile; fileRef = DCE0096F2B9EE63000403574 /* Base */; };
		DCE009722B9EE63100403574 /* Assets.xcassets in Resources */ = {isa = PBXBuildFile; fileRef = DCE009712B9EE63100403574 /* Assets.xcassets */; };
		DCE009752B9EE63100403574 /* Base in Resources */ = {isa = PBXBuildFile; fileRef = DCE009742B9EE63100403574 /* Base */; };
		DCE0097E2B9EE6B100403574 /* RxBlocking in Frameworks */ = {isa = PBXBuildFile; productRef = DCE0097D2B9EE6B100403574 /* RxBlocking */; };
		DCE009802B9EE6B100403574 /* RxBlocking-Dynamic in Frameworks */ = {isa = PBXBuildFile; productRef = DCE0097F2B9EE6B100403574 /* RxBlocking-Dynamic */; };
		DCE009822B9EE6B100403574 /* RxCocoa in Frameworks */ = {isa = PBXBuildFile; productRef = DCE009812B9EE6B100403574 /* RxCocoa */; };
		DCE009842B9EE6B100403574 /* RxCocoa-Dynamic in Frameworks */ = {isa = PBXBuildFile; productRef = DCE009832B9EE6B100403574 /* RxCocoa-Dynamic */; };
		DCE009862B9EE6B100403574 /* RxRelay in Frameworks */ = {isa = PBXBuildFile; productRef = DCE009852B9EE6B100403574 /* RxRelay */; };
		DCE009882B9EE6CF00403574 /* ViewControllerViewModel.swift in Sources */ = {isa = PBXBuildFile; fileRef = DCE009872B9EE6CF00403574 /* ViewControllerViewModel.swift */; };
		DCE0098A2B9EF5FB00403574 /* ErrorResponseUtil.swift in Sources */ = {isa = PBXBuildFile; fileRef = DCE009892B9EF5FB00403574 /* ErrorResponseUtil.swift */; };
		DCE0098D2B9EF6B700403574 /* NVActivityIndicatorView in Frameworks */ = {isa = PBXBuildFile; productRef = DCE0098C2B9EF6B700403574 /* NVActivityIndicatorView */; };
		DCE0098F2B9EF6B700403574 /* NVActivityIndicatorViewExtended in Frameworks */ = {isa = PBXBuildFile; productRef = DCE0098E2B9EF6B700403574 /* NVActivityIndicatorViewExtended */; };
/* End PBXBuildFile section */

/* Begin PBXFileReference section */
		DCE009652B9EE63000403574 /* AzRxSwiftSample.app */ = {isa = PBXFileReference; explicitFileType = wrapper.application; includeInIndex = 0; path = AzRxSwiftSample.app; sourceTree = BUILT_PRODUCTS_DIR; };
		DCE009682B9EE63000403574 /* AppDelegate.swift */ = {isa = PBXFileReference; lastKnownFileType = sourcecode.swift; path = AppDelegate.swift; sourceTree = "<group>"; };
		DCE0096A2B9EE63000403574 /* SceneDelegate.swift */ = {isa = PBXFileReference; lastKnownFileType = sourcecode.swift; path = SceneDelegate.swift; sourceTree = "<group>"; };
		DCE0096C2B9EE63000403574 /* ViewController.swift */ = {isa = PBXFileReference; lastKnownFileType = sourcecode.swift; path = ViewController.swift; sourceTree = "<group>"; };
		DCE0096F2B9EE63000403574 /* Base */ = {isa = PBXFileReference; lastKnownFileType = file.storyboard; name = Base; path = Base.lproj/Main.storyboard; sourceTree = "<group>"; };
		DCE009712B9EE63100403574 /* Assets.xcassets */ = {isa = PBXFileReference; lastKnownFileType = folder.assetcatalog; path = Assets.xcassets; sourceTree = "<group>"; };
		DCE009742B9EE63100403574 /* Base */ = {isa = PBXFileReference; lastKnownFileType = file.storyboard; name = Base; path = Base.lproj/LaunchScreen.storyboard; sourceTree = "<group>"; };
		DCE009762B9EE63100403574 /* Info.plist */ = {isa = PBXFileReference; lastKnownFileType = text.plist.xml; path = Info.plist; sourceTree = "<group>"; };
		DCE009872B9EE6CF00403574 /* ViewControllerViewModel.swift */ = {isa = PBXFileReference; lastKnownFileType = sourcecode.swift; path = ViewControllerViewModel.swift; sourceTree = "<group>"; };
		DCE009892B9EF5FB00403574 /* ErrorResponseUtil.swift */ = {isa = PBXFileReference; lastKnownFileType = sourcecode.swift; path = ErrorResponseUtil.swift; sourceTree = "<group>"; };
/* End PBXFileReference section */

/* Begin PBXFrameworksBuildPhase section */
		DCE009622B9EE63000403574 /* Frameworks */ = {
			isa = PBXFrameworksBuildPhase;
			buildActionMask = 2147483647;
			files = (
				DCE0098F2B9EF6B700403574 /* NVActivityIndicatorViewExtended in Frameworks */,
				DCE009862B9EE6B100403574 /* RxRelay in Frameworks */,
				DCE009842B9EE6B100403574 /* RxCocoa-Dynamic in Frameworks */,
				DCE0098D2B9EF6B700403574 /* NVActivityIndicatorView in Frameworks */,
				DCE009822B9EE6B100403574 /* RxCocoa in Frameworks */,
				DCE0097E2B9EE6B100403574 /* RxBlocking in Frameworks */,
				DCE009802B9EE6B100403574 /* RxBlocking-Dynamic in Frameworks */,
			);
			runOnlyForDeploymentPostprocessing = 0;
		};
/* End PBXFrameworksBuildPhase section */

/* Begin PBXGroup section */
		DCE0095C2B9EE63000403574 = {
			isa = PBXGroup;
			children = (
				DCE009672B9EE63000403574 /* AzRxSwiftSample */,
				DCE009662B9EE63000403574 /* Products */,
			);
			sourceTree = "<group>";
		};
		DCE009662B9EE63000403574 /* Products */ = {
			isa = PBXGroup;
			children = (
				DCE009652B9EE63000403574 /* AzRxSwiftSample.app */,
			);
			name = Products;
			sourceTree = "<group>";
		};
		DCE009672B9EE63000403574 /* AzRxSwiftSample */ = {
			isa = PBXGroup;
			children = (
				DCE009682B9EE63000403574 /* AppDelegate.swift */,
				DCE0096A2B9EE63000403574 /* SceneDelegate.swift */,
				DCE0096C2B9EE63000403574 /* ViewController.swift */,
				DCE009872B9EE6CF00403574 /* ViewControllerViewModel.swift */,
				DCE0096E2B9EE63000403574 /* Main.storyboard */,
				DCE009712B9EE63100403574 /* Assets.xcassets */,
				DCE009732B9EE63100403574 /* LaunchScreen.storyboard */,
				DCE009762B9EE63100403574 /* Info.plist */,
				DCE009892B9EF5FB00403574 /* ErrorResponseUtil.swift */,
			);
			path = AzRxSwiftSample;
			sourceTree = "<group>";
		};
/* End PBXGroup section */

/* Begin PBXNativeTarget section */
		DCE009642B9EE63000403574 /* AzRxSwiftSample */ = {
			isa = PBXNativeTarget;
			buildConfigurationList = DCE009792B9EE63100403574 /* Build configuration list for PBXNativeTarget "AzRxSwiftSample" */;
			buildPhases = (
				DCE009612B9EE63000403574 /* Sources */,
				DCE009622B9EE63000403574 /* Frameworks */,
				DCE009632B9EE63000403574 /* Resources */,
			);
			buildRules = (
			);
			dependencies = (
			);
			name = AzRxSwiftSample;
			packageProductDependencies = (
				DCE0097D2B9EE6B100403574 /* RxBlocking */,
				DCE0097F2B9EE6B100403574 /* RxBlocking-Dynamic */,
				DCE009812B9EE6B100403574 /* RxCocoa */,
				DCE009832B9EE6B100403574 /* RxCocoa-Dynamic */,
				DCE009852B9EE6B100403574 /* RxRelay */,
				DCE0098C2B9EF6B700403574 /* NVActivityIndicatorView */,
				DCE0098E2B9EF6B700403574 /* NVActivityIndicatorViewExtended */,
			);
			productName = AzRxSwiftSample;
			productReference = DCE009652B9EE63000403574 /* AzRxSwiftSample.app */;
			productType = "com.apple.product-type.application";
		};
/* End PBXNativeTarget section */

/* Begin PBXProject section */
		DCE0095D2B9EE63000403574 /* Project object */ = {
			isa = PBXProject;
			attributes = {
				BuildIndependentTargetsInParallel = 1;
				LastSwiftUpdateCheck = 1530;
				LastUpgradeCheck = 1530;
				TargetAttributes = {
					DCE009642B9EE63000403574 = {
						CreatedOnToolsVersion = 15.3;
					};
				};
			};
			buildConfigurationList = DCE009602B9EE63000403574 /* Build configuration list for PBXProject "AzRxSwiftSample" */;
			compatibilityVersion = "Xcode 14.0";
			developmentRegion = en;
			hasScannedForEncodings = 0;
			knownRegions = (
				en,
				Base,
			);
			mainGroup = DCE0095C2B9EE63000403574;
			packageReferences = (
				DCE0097C2B9EE6B100403574 /* XCRemoteSwiftPackageReference "RxSwift" */,
				DCE0098B2B9EF6B700403574 /* XCRemoteSwiftPackageReference "NVActivityIndicatorView" */,
			);
			productRefGroup = DCE009662B9EE63000403574 /* Products */;
			projectDirPath = "";
			projectRoot = "";
			targets = (
				DCE009642B9EE63000403574 /* AzRxSwiftSample */,
			);
		};
/* End PBXProject section */

/* Begin PBXResourcesBuildPhase section */
		DCE009632B9EE63000403574 /* Resources */ = {
			isa = PBXResourcesBuildPhase;
			buildActionMask = 2147483647;
			files = (
				DCE009722B9EE63100403574 /* Assets.xcassets in Resources */,
				DCE009752B9EE63100403574 /* Base in Resources */,
				DCE009702B9EE63000403574 /* Base in Resources */,
			);
			runOnlyForDeploymentPostprocessing = 0;
		};
/* End PBXResourcesBuildPhase section */

/* Begin PBXSourcesBuildPhase section */
		DCE009612B9EE63000403574 /* Sources */ = {
			isa = PBXSourcesBuildPhase;
			buildActionMask = 2147483647;
			files = (
				DCE0096D2B9EE63000403574 /* ViewController.swift in Sources */,
				DCE009692B9EE63000403574 /* AppDelegate.swift in Sources */,
				DCE0098A2B9EF5FB00403574 /* ErrorResponseUtil.swift in Sources */,
				DCE0096B2B9EE63000403574 /* SceneDelegate.swift in Sources */,
				DCE009882B9EE6CF00403574 /* ViewControllerViewModel.swift in Sources */,
			);
			runOnlyForDeploymentPostprocessing = 0;
		};
/* End PBXSourcesBuildPhase section */

/* Begin PBXVariantGroup section */
		DCE0096E2B9EE63000403574 /* Main.storyboard */ = {
			isa = PBXVariantGroup;
			children = (
				DCE0096F2B9EE63000403574 /* Base */,
			);
			name = Main.storyboard;
			sourceTree = "<group>";
		};
		DCE009732B9EE63100403574 /* LaunchScreen.storyboard */ = {
			isa = PBXVariantGroup;
			children = (
				DCE009742B9EE63100403574 /* Base */,
			);
			name = LaunchScreen.storyboard;
			sourceTree = "<group>";
		};
/* End PBXVariantGroup section */

/* Begin XCBuildConfiguration section */
		DCE009772B9EE63100403574 /* Debug */ = {
			isa = XCBuildConfiguration;
			buildSettings = {
				ALWAYS_SEARCH_USER_PATHS = NO;
				ASSETCATALOG_COMPILER_GENERATE_SWIFT_ASSET_SYMBOL_EXTENSIONS = YES;
				CLANG_ANALYZER_NONNULL = YES;
				CLANG_ANALYZER_NUMBER_OBJECT_CONVERSION = YES_AGGRESSIVE;
				CLANG_CXX_LANGUAGE_STANDARD = "gnu++20";
				CLANG_ENABLE_MODULES = YES;
				CLANG_ENABLE_OBJC_ARC = YES;
				CLANG_ENABLE_OBJC_WEAK = YES;
				CLANG_WARN_BLOCK_CAPTURE_AUTORELEASING = YES;
				CLANG_WARN_BOOL_CONVERSION = YES;
				CLANG_WARN_COMMA = YES;
				CLANG_WARN_CONSTANT_CONVERSION = YES;
				CLANG_WARN_DEPRECATED_OBJC_IMPLEMENTATIONS = YES;
				CLANG_WARN_DIRECT_OBJC_ISA_USAGE = YES_ERROR;
				CLANG_WARN_DOCUMENTATION_COMMENTS = YES;
				CLANG_WARN_EMPTY_BODY = YES;
				CLANG_WARN_ENUM_CONVERSION = YES;
				CLANG_WARN_INFINITE_RECURSION = YES;
				CLANG_WARN_INT_CONVERSION = YES;
				CLANG_WARN_NON_LITERAL_NULL_CONVERSION = YES;
				CLANG_WARN_OBJC_IMPLICIT_RETAIN_SELF = YES;
				CLANG_WARN_OBJC_LITERAL_CONVERSION = YES;
				CLANG_WARN_OBJC_ROOT_CLASS = YES_ERROR;
				CLANG_WARN_QUOTED_INCLUDE_IN_FRAMEWORK_HEADER = YES;
				CLANG_WARN_RANGE_LOOP_ANALYSIS = YES;
				CLANG_WARN_STRICT_PROTOTYPES = YES;
				CLANG_WARN_SUSPICIOUS_MOVE = YES;
				CLANG_WARN_UNGUARDED_AVAILABILITY = YES_AGGRESSIVE;
				CLANG_WARN_UNREACHABLE_CODE = YES;
				CLANG_WARN__DUPLICATE_METHOD_MATCH = YES;
				COPY_PHASE_STRIP = NO;
				DEBUG_INFORMATION_FORMAT = dwarf;
				ENABLE_STRICT_OBJC_MSGSEND = YES;
				ENABLE_TESTABILITY = YES;
				ENABLE_USER_SCRIPT_SANDBOXING = YES;
				GCC_C_LANGUAGE_STANDARD = gnu17;
				GCC_DYNAMIC_NO_PIC = NO;
				GCC_NO_COMMON_BLOCKS = YES;
				GCC_OPTIMIZATION_LEVEL = 0;
				GCC_PREPROCESSOR_DEFINITIONS = (
					"DEBUG=1",
					"$(inherited)",
				);
				GCC_WARN_64_TO_32_BIT_CONVERSION = YES;
				GCC_WARN_ABOUT_RETURN_TYPE = YES_ERROR;
				GCC_WARN_UNDECLARED_SELECTOR = YES;
				GCC_WARN_UNINITIALIZED_AUTOS = YES_AGGRESSIVE;
				GCC_WARN_UNUSED_FUNCTION = YES;
				GCC_WARN_UNUSED_VARIABLE = YES;
				IPHONEOS_DEPLOYMENT_TARGET = 17.4;
				LOCALIZATION_PREFERS_STRING_CATALOGS = YES;
				MTL_ENABLE_DEBUG_INFO = INCLUDE_SOURCE;
				MTL_FAST_MATH = YES;
				ONLY_ACTIVE_ARCH = YES;
				SDKROOT = iphoneos;
				SWIFT_ACTIVE_COMPILATION_CONDITIONS = "DEBUG $(inherited)";
				SWIFT_OPTIMIZATION_LEVEL = "-Onone";
			};
			name = Debug;
		};
		DCE009782B9EE63100403574 /* Release */ = {
			isa = XCBuildConfiguration;
			buildSettings = {
				ALWAYS_SEARCH_USER_PATHS = NO;
				ASSETCATALOG_COMPILER_GENERATE_SWIFT_ASSET_SYMBOL_EXTENSIONS = YES;
				CLANG_ANALYZER_NONNULL = YES;
				CLANG_ANALYZER_NUMBER_OBJECT_CONVERSION = YES_AGGRESSIVE;
				CLANG_CXX_LANGUAGE_STANDARD = "gnu++20";
				CLANG_ENABLE_MODULES = YES;
				CLANG_ENABLE_OBJC_ARC = YES;
				CLANG_ENABLE_OBJC_WEAK = YES;
				CLANG_WARN_BLOCK_CAPTURE_AUTORELEASING = YES;
				CLANG_WARN_BOOL_CONVERSION = YES;
				CLANG_WARN_COMMA = YES;
				CLANG_WARN_CONSTANT_CONVERSION = YES;
				CLANG_WARN_DEPRECATED_OBJC_IMPLEMENTATIONS = YES;
				CLANG_WARN_DIRECT_OBJC_ISA_USAGE = YES_ERROR;
				CLANG_WARN_DOCUMENTATION_COMMENTS = YES;
				CLANG_WARN_EMPTY_BODY = YES;
				CLANG_WARN_ENUM_CONVERSION = YES;
				CLANG_WARN_INFINITE_RECURSION = YES;
				CLANG_WARN_INT_CONVERSION = YES;
				CLANG_WARN_NON_LITERAL_NULL_CONVERSION = YES;
				CLANG_WARN_OBJC_IMPLICIT_RETAIN_SELF = YES;
				CLANG_WARN_OBJC_LITERAL_CONVERSION = YES;
				CLANG_WARN_OBJC_ROOT_CLASS = YES_ERROR;
				CLANG_WARN_QUOTED_INCLUDE_IN_FRAMEWORK_HEADER = YES;
				CLANG_WARN_RANGE_LOOP_ANALYSIS = YES;
				CLANG_WARN_STRICT_PROTOTYPES = YES;
				CLANG_WARN_SUSPICIOUS_MOVE = YES;
				CLANG_WARN_UNGUARDED_AVAILABILITY = YES_AGGRESSIVE;
				CLANG_WARN_UNREACHABLE_CODE = YES;
				CLANG_WARN__DUPLICATE_METHOD_MATCH = YES;
				COPY_PHASE_STRIP = NO;
				DEBUG_INFORMATION_FORMAT = "dwarf-with-dsym";
				ENABLE_NS_ASSERTIONS = NO;
				ENABLE_STRICT_OBJC_MSGSEND = YES;
				ENABLE_USER_SCRIPT_SANDBOXING = YES;
				GCC_C_LANGUAGE_STANDARD = gnu17;
				GCC_NO_COMMON_BLOCKS = YES;
				GCC_WARN_64_TO_32_BIT_CONVERSION = YES;
				GCC_WARN_ABOUT_RETURN_TYPE = YES_ERROR;
				GCC_WARN_UNDECLARED_SELECTOR = YES;
				GCC_WARN_UNINITIALIZED_AUTOS = YES_AGGRESSIVE;
				GCC_WARN_UNUSED_FUNCTION = YES;
				GCC_WARN_UNUSED_VARIABLE = YES;
				IPHONEOS_DEPLOYMENT_TARGET = 17.4;
				LOCALIZATION_PREFERS_STRING_CATALOGS = YES;
				MTL_ENABLE_DEBUG_INFO = NO;
				MTL_FAST_MATH = YES;
				SDKROOT = iphoneos;
				SWIFT_COMPILATION_MODE = wholemodule;
				VALIDATE_PRODUCT = YES;
			};
			name = Release;
		};
		DCE0097A2B9EE63100403574 /* Debug */ = {
			isa = XCBuildConfiguration;
			buildSettings = {
				ASSETCATALOG_COMPILER_APPICON_NAME = AppIcon;
				ASSETCATALOG_COMPILER_GLOBAL_ACCENT_COLOR_NAME = AccentColor;
				CODE_SIGN_STYLE = Automatic;
				CURRENT_PROJECT_VERSION = 1;
				DEVELOPMENT_TEAM = Y7653CXCKR;
				GENERATE_INFOPLIST_FILE = YES;
				INFOPLIST_FILE = AzRxSwiftSample/Info.plist;
				INFOPLIST_KEY_UIApplicationSupportsIndirectInputEvents = YES;
				INFOPLIST_KEY_UILaunchStoryboardName = LaunchScreen;
				INFOPLIST_KEY_UIMainStoryboardFile = Main;
				INFOPLIST_KEY_UISupportedInterfaceOrientations_iPad = "UIInterfaceOrientationPortrait UIInterfaceOrientationPortraitUpsideDown UIInterfaceOrientationLandscapeLeft UIInterfaceOrientationLandscapeRight";
				INFOPLIST_KEY_UISupportedInterfaceOrientations_iPhone = "UIInterfaceOrientationPortrait UIInterfaceOrientationLandscapeLeft UIInterfaceOrientationLandscapeRight";
				LD_RUNPATH_SEARCH_PATHS = (
					"$(inherited)",
					"@executable_path/Frameworks",
				);
				MARKETING_VERSION = 1.0;
				PRODUCT_BUNDLE_IDENTIFIER = com.az.AzRxSwiftSample;
				PRODUCT_NAME = "$(TARGET_NAME)";
				SWIFT_EMIT_LOC_STRINGS = YES;
				SWIFT_VERSION = 5.0;
				TARGETED_DEVICE_FAMILY = "1,2";
			};
			name = Debug;
		};
		DCE0097B2B9EE63100403574 /* Release */ = {
			isa = XCBuildConfiguration;
			buildSettings = {
				ASSETCATALOG_COMPILER_APPICON_NAME = AppIcon;
				ASSETCATALOG_COMPILER_GLOBAL_ACCENT_COLOR_NAME = AccentColor;
				CODE_SIGN_STYLE = Automatic;
				CURRENT_PROJECT_VERSION = 1;
				DEVELOPMENT_TEAM = Y7653CXCKR;
				GENERATE_INFOPLIST_FILE = YES;
				INFOPLIST_FILE = AzRxSwiftSample/Info.plist;
				INFOPLIST_KEY_UIApplicationSupportsIndirectInputEvents = YES;
				INFOPLIST_KEY_UILaunchStoryboardName = LaunchScreen;
				INFOPLIST_KEY_UIMainStoryboardFile = Main;
				INFOPLIST_KEY_UISupportedInterfaceOrientations_iPad = "UIInterfaceOrientationPortrait UIInterfaceOrientationPortraitUpsideDown UIInterfaceOrientationLandscapeLeft UIInterfaceOrientationLandscapeRight";
				INFOPLIST_KEY_UISupportedInterfaceOrientations_iPhone = "UIInterfaceOrientationPortrait UIInterfaceOrientationLandscapeLeft UIInterfaceOrientationLandscapeRight";
				LD_RUNPATH_SEARCH_PATHS = (
					"$(inherited)",
					"@executable_path/Frameworks",
				);
				MARKETING_VERSION = 1.0;
				PRODUCT_BUNDLE_IDENTIFIER = com.az.AzRxSwiftSample;
				PRODUCT_NAME = "$(TARGET_NAME)";
				SWIFT_EMIT_LOC_STRINGS = YES;
				SWIFT_VERSION = 5.0;
				TARGETED_DEVICE_FAMILY = "1,2";
			};
			name = Release;
		};
/* End XCBuildConfiguration section */

/* Begin XCConfigurationList section */
		DCE009602B9EE63000403574 /* Build configuration list for PBXProject "AzRxSwiftSample" */ = {
			isa = XCConfigurationList;
			buildConfigurations = (
				DCE009772B9EE63100403574 /* Debug */,
				DCE009782B9EE63100403574 /* Release */,
			);
			defaultConfigurationIsVisible = 0;
			defaultConfigurationName = Release;
		};
		DCE009792B9EE63100403574 /* Build configuration list for PBXNativeTarget "AzRxSwiftSample" */ = {
			isa = XCConfigurationList;
			buildConfigurations = (
				DCE0097A2B9EE63100403574 /* Debug */,
				DCE0097B2B9EE63100403574 /* Release */,
			);
			defaultConfigurationIsVisible = 0;
			defaultConfigurationName = Release;
		};
/* End XCConfigurationList section */

/* Begin XCRemoteSwiftPackageReference section */
		DCE0097C2B9EE6B100403574 /* XCRemoteSwiftPackageReference "RxSwift" */ = {
			isa = XCRemoteSwiftPackageReference;
			repositoryURL = "https://github.com/ReactiveX/RxSwift.git";
			requirement = {
				kind = upToNextMajorVersion;
				minimumVersion = 6.6.0;
			};
		};
		DCE0098B2B9EF6B700403574 /* XCRemoteSwiftPackageReference "NVActivityIndicatorView" */ = {
			isa = XCRemoteSwiftPackageReference;
			repositoryURL = "https://github.com/ninjaprox/NVActivityIndicatorView.git";
			requirement = {
				kind = upToNextMajorVersion;
				minimumVersion = 5.1.1;
			};
		};
/* End XCRemoteSwiftPackageReference section */

/* Begin XCSwiftPackageProductDependency section */
		DCE0097D2B9EE6B100403574 /* RxBlocking */ = {
			isa = XCSwiftPackageProductDependency;
			package = DCE0097C2B9EE6B100403574 /* XCRemoteSwiftPackageReference "RxSwift" */;
			productName = RxBlocking;
		};
		DCE0097F2B9EE6B100403574 /* RxBlocking-Dynamic */ = {
			isa = XCSwiftPackageProductDependency;
			package = DCE0097C2B9EE6B100403574 /* XCRemoteSwiftPackageReference "RxSwift" */;
			productName = "RxBlocking-Dynamic";
		};
		DCE009812B9EE6B100403574 /* RxCocoa */ = {
			isa = XCSwiftPackageProductDependency;
			package = DCE0097C2B9EE6B100403574 /* XCRemoteSwiftPackageReference "RxSwift" */;
			productName = RxCocoa;
		};
		DCE009832B9EE6B100403574 /* RxCocoa-Dynamic */ = {
			isa = XCSwiftPackageProductDependency;
			package = DCE0097C2B9EE6B100403574 /* XCRemoteSwiftPackageReference "RxSwift" */;
			productName = "RxCocoa-Dynamic";
		};
		DCE009852B9EE6B100403574 /* RxRelay */ = {
			isa = XCSwiftPackageProductDependency;
			package = DCE0097C2B9EE6B100403574 /* XCRemoteSwiftPackageReference "RxSwift" */;
			productName = RxRelay;
		};
		DCE0098C2B9EF6B700403574 /* NVActivityIndicatorView */ = {
			isa = XCSwiftPackageProductDependency;
			package = DCE0098B2B9EF6B700403574 /* XCRemoteSwiftPackageReference "NVActivityIndicatorView" */;
			productName = NVActivityIndicatorView;
		};
		DCE0098E2B9EF6B700403574 /* NVActivityIndicatorViewExtended */ = {
			isa = XCSwiftPackageProductDependency;
			package = DCE0098B2B9EF6B700403574 /* XCRemoteSwiftPackageReference "NVActivityIndicatorView" */;
			productName = NVActivityIndicatorViewExtended;
		};
/* End XCSwiftPackageProductDependency section */
	};
	rootObject = DCE0095D2B9EE63000403574 /* Project object */;
}
